
Microsoft Visual Studio Solution File, Format Version 12.00
# Visual Studio Version 17
VisualStudioVersion = 17.9.34728.123
MinimumVisualStudioVersion = 10.0.40219.1
Project("{FAE04EC0-301F-11D3-BF4B-00C04F79EFBC}") = "Calc4xMApp", "Calc4xMApp\Calc4xMApp.csproj", "{B65B8D3B-2311-4795-9780-D3DD1D7838C0}"
EndProject
Global
	GlobalSection(SolutionConfigurationPlatforms) = preSolution
		Debug|Any CPU = Debug|Any CPU
		Release|Any CPU = Release|Any CPU
	EndGlobalSection
	GlobalSection(ProjectConfigurationPlatforms) = postSolution
		{B65B8D3B-2311-4795-9780-D3DD1D7838C0}.Debug|Any CPU.ActiveCfg = Debug|Any CPU
		{B65B8D3B-2311-4795-9780-D3DD1D7838C0}.Debug|Any CPU.Build.0 = Debug|Any CPU
		{B65B8D3B-2311-4795-9780-D3DD1D7838C0}.Release|Any CPU.ActiveCfg = Release|Any CPU
		{B65B8D3B-2311-4795-9780-D3DD1D7838C0}.Release|Any CPU.Build.0 = Release|Any CPU
	EndGlobalSection
	GlobalSection(SolutionProperties) = preSolution
		HideSolutionNode = FALSE
	EndGlobalSection
	GlobalSection(ExtensibilityGlobals) = postSolution
		SolutionGuid = {4BC7EC65-36AE-4B1E-9E27-27B24556C3E0}
	EndGlobalSection
EndGlobal
